
Microsoft Visual Studio Solution File, Format Version 12.00
# Visual Studio Version 16
VisualStudioVersion = 16.0.30804.86
MinimumVisualStudioVersion = 10.0.40219.1
Project("{888888A0-9F3D-457C-B088-3A5042F75D52}") = "divagrammi", "divagrammi\divagrammi.pyproj", "{73B29406-4C90-444C-9767-E73988F7D5FC}"
EndProject
Global
	GlobalSection(SolutionConfigurationPlatforms) = preSolution
		Debug|Any CPU = Debug|Any CPU
		Release|Any CPU = Release|Any CPU
	EndGlobalSection
	GlobalSection(ProjectConfigurationPlatforms) = postSolution
		{73B29406-4C90-444C-9767-E73988F7D5FC}.Debug|Any CPU.ActiveCfg = Debug|Any CPU
		{73B29406-4C90-444C-9767-E73988F7D5FC}.Release|Any CPU.ActiveCfg = Release|Any CPU
	EndGlobalSection
	GlobalSection(SolutionProperties) = preSolution
		HideSolutionNode = FALSE
	EndGlobalSection
	GlobalSection(ExtensibilityGlobals) = postSolution
		SolutionGuid = {B229D8CD-4AC4-488B-9AF6-92E19932C0E4}
	EndGlobalSection
EndGlobal
